
Microsoft Visual Studio Solution File, Format Version 12.00
# Visual Studio Version 16
VisualStudioVersion = 16.0.30204.135
MinimumVisualStudioVersion = 10.0.40219.1
Project("{FAE04EC0-301F-11D3-BF4B-00C04F79EFBC}") = "Projeto_WSTower", "Projeto WSTower\Projeto_WSTower.csproj", "{26FC1DD7-2C10-40B3-801A-7DFC76EE77CD}"
EndProject
Global
	GlobalSection(SolutionConfigurationPlatforms) = preSolution
		Debug|Any CPU = Debug|Any CPU
		Release|Any CPU = Release|Any CPU
	EndGlobalSection
	GlobalSection(ProjectConfigurationPlatforms) = postSolution
		{26FC1DD7-2C10-40B3-801A-7DFC76EE77CD}.Debug|Any CPU.ActiveCfg = Debug|Any CPU
		{26FC1DD7-2C10-40B3-801A-7DFC76EE77CD}.Debug|Any CPU.Build.0 = Debug|Any CPU
		{26FC1DD7-2C10-40B3-801A-7DFC76EE77CD}.Release|Any CPU.ActiveCfg = Release|Any CPU
		{26FC1DD7-2C10-40B3-801A-7DFC76EE77CD}.Release|Any CPU.Build.0 = Release|Any CPU
	EndGlobalSection
	GlobalSection(SolutionProperties) = preSolution
		HideSolutionNode = FALSE
	EndGlobalSection
	GlobalSection(ExtensibilityGlobals) = postSolution
		SolutionGuid = {FC6CAAC1-B1CA-4A59-AA68-6E0FF4246972}
	EndGlobalSection
EndGlobal
