
Microsoft Visual Studio Solution File, Format Version 12.00
# Visual Studio Version 16
VisualStudioVersion = 16.0.30128.74
MinimumVisualStudioVersion = 10.0.40219.1
Project("{FAE04EC0-301F-11D3-BF4B-00C04F79EFBC}") = "WSTowers.Android", "WSTowers.Android\WSTowers.Android.csproj", "{CA488633-EFF1-4881-BB31-12E8DAA67300}"
EndProject
Project("{FAE04EC0-301F-11D3-BF4B-00C04F79EFBC}") = "WSTowers", "WSTowers\WSTowers.csproj", "{6CE8644B-28E5-4E80-80FA-ED1EEDAECCE3}"
EndProject
Global
	GlobalSection(SolutionConfigurationPlatforms) = preSolution
		Debug|Any CPU = Debug|Any CPU
		Release|Any CPU = Release|Any CPU
	EndGlobalSection
	GlobalSection(ProjectConfigurationPlatforms) = postSolution
		{CA488633-EFF1-4881-BB31-12E8DAA67300}.Debug|Any CPU.ActiveCfg = Debug|Any CPU
		{CA488633-EFF1-4881-BB31-12E8DAA67300}.Debug|Any CPU.Build.0 = Debug|Any CPU
		{CA488633-EFF1-4881-BB31-12E8DAA67300}.Debug|Any CPU.Deploy.0 = Debug|Any CPU
		{CA488633-EFF1-4881-BB31-12E8DAA67300}.Release|Any CPU.ActiveCfg = Release|Any CPU
		{CA488633-EFF1-4881-BB31-12E8DAA67300}.Release|Any CPU.Build.0 = Release|Any CPU
		{CA488633-EFF1-4881-BB31-12E8DAA67300}.Release|Any CPU.Deploy.0 = Release|Any CPU
		{6CE8644B-28E5-4E80-80FA-ED1EEDAECCE3}.Debug|Any CPU.ActiveCfg = Debug|Any CPU
		{6CE8644B-28E5-4E80-80FA-ED1EEDAECCE3}.Debug|Any CPU.Build.0 = Debug|Any CPU
		{6CE8644B-28E5-4E80-80FA-ED1EEDAECCE3}.Debug|Any CPU.Deploy.0 = Debug|Any CPU
		{6CE8644B-28E5-4E80-80FA-ED1EEDAECCE3}.Release|Any CPU.ActiveCfg = Release|Any CPU
		{6CE8644B-28E5-4E80-80FA-ED1EEDAECCE3}.Release|Any CPU.Build.0 = Release|Any CPU
		{6CE8644B-28E5-4E80-80FA-ED1EEDAECCE3}.Release|Any CPU.Deploy.0 = Release|Any CPU
	EndGlobalSection
	GlobalSection(SolutionProperties) = preSolution
		HideSolutionNode = FALSE
	EndGlobalSection
	GlobalSection(ExtensibilityGlobals) = postSolution
		SolutionGuid = {4C2E0749-EC15-4942-8083-F7FAC83AF50B}
	EndGlobalSection
EndGlobal
